
Microsoft Visual Studio Solution File, Format Version 12.00
# Visual Studio Version 17
VisualStudioVersion = 17.0.31903.59
MinimumVisualStudioVersion = 10.0.40219.1
Project("{2150E333-8FDC-42A3-9474-1A3956D46DE8}") = "Solution Items", "Solution Items", "{40754D3B-3CCD-4ACB-956C-4C3D146DC697}"
	ProjectSection(SolutionItems) = preProject
		.gitignore = .gitignore
		Directory.Build.props = Directory.Build.props
		global.json = global.json
		LICENSE.txt = LICENSE.txt
		nuget.config = nuget.config
		README.md = README.md
	EndProjectSection
EndProject
Project("{2150E333-8FDC-42A3-9474-1A3956D46DE8}") = "src", "src", "{63B14FA8-1F1B-432F-A8E1-52020DB2B33F}"
EndProject
Project("{9A19103F-16F7-4668-BE54-9A1E7A4F7556}") = "Deinok.Net.Modbus.Client", "src\Deinok.Net.Modbus.Client\Deinok.Net.Modbus.Client.csproj", "{6A8E426B-7C81-4D24-9684-D2947272302B}"
EndProject
Project("{2150E333-8FDC-42A3-9474-1A3956D46DE8}") = ".config", ".config", "{7C516767-40D8-44D5-815E-E1F3EEB83170}"
	ProjectSection(SolutionItems) = preProject
		.config\dotnet-tools.json = .config\dotnet-tools.json
	EndProjectSection
EndProject
Project("{2150E333-8FDC-42A3-9474-1A3956D46DE8}") = ".github", ".github", "{4F701352-740E-4C48-8B8C-8FDF009C67F5}"
EndProject
Project("{2150E333-8FDC-42A3-9474-1A3956D46DE8}") = "workflows", "workflows", "{079E3672-3944-4DF2-BB14-4AF185B38406}"
	ProjectSection(SolutionItems) = preProject
		.github\workflows\main.yml = .github\workflows\main.yml
	EndProjectSection
EndProject
Project("{9A19103F-16F7-4668-BE54-9A1E7A4F7556}") = "Deinok.Net.Modbus", "src\Deinok.Net.Modbus\Deinok.Net.Modbus.csproj", "{2CD6860A-44CF-4386-A67A-A1221AF8BD87}"
EndProject
Project("{9A19103F-16F7-4668-BE54-9A1E7A4F7556}") = "Deinok.Net.Modbus.Server", "src\Deinok.Net.Modbus.Server\Deinok.Net.Modbus.Server.csproj", "{610C38B0-C2FE-4B00-8341-8506811F488D}"
EndProject
Project("{2150E333-8FDC-42A3-9474-1A3956D46DE8}") = "tests", "tests", "{28418668-5DBD-4C92-A822-BF2D8A7B791D}"
EndProject
Project("{FAE04EC0-301F-11D3-BF4B-00C04F79EFBC}") = "Deinok.Net.Modbus.Tests", "tests\Deinok.Net.Modbus.Tests\Deinok.Net.Modbus.Tests.csproj", "{335FAFB2-608F-467B-B58E-D0AF9F48DC9F}"
EndProject
Project("{9A19103F-16F7-4668-BE54-9A1E7A4F7556}") = "Deinok.Net.Modbus.Client.Tests", "tests\Deinok.Net.Modbus.Client.Tests\Deinok.Net.Modbus.Client.Tests.csproj", "{960801A6-D030-4A03-9258-8B56BE725419}"
EndProject
Project("{9A19103F-16F7-4668-BE54-9A1E7A4F7556}") = "Deinok.Net.Modbus.Server.Tests", "tests\Deinok.Net.Modbus.Server.Tests\Deinok.Net.Modbus.Server.Tests.csproj", "{43BA533B-05BC-4120-9FFB-32C35070E652}"
EndProject
Global
	GlobalSection(SolutionConfigurationPlatforms) = preSolution
		Debug|Any CPU = Debug|Any CPU
		Release|Any CPU = Release|Any CPU
	EndGlobalSection
	GlobalSection(ProjectConfigurationPlatforms) = postSolution
		{6A8E426B-7C81-4D24-9684-D2947272302B}.Debug|Any CPU.ActiveCfg = Debug|Any CPU
		{6A8E426B-7C81-4D24-9684-D2947272302B}.Debug|Any CPU.Build.0 = Debug|Any CPU
		{6A8E426B-7C81-4D24-9684-D2947272302B}.Release|Any CPU.ActiveCfg = Release|Any CPU
		{6A8E426B-7C81-4D24-9684-D2947272302B}.Release|Any CPU.Build.0 = Release|Any CPU
		{2CD6860A-44CF-4386-A67A-A1221AF8BD87}.Debug|Any CPU.ActiveCfg = Debug|Any CPU
		{2CD6860A-44CF-4386-A67A-A1221AF8BD87}.Debug|Any CPU.Build.0 = Debug|Any CPU
		{2CD6860A-44CF-4386-A67A-A1221AF8BD87}.Release|Any CPU.ActiveCfg = Release|Any CPU
		{2CD6860A-44CF-4386-A67A-A1221AF8BD87}.Release|Any CPU.Build.0 = Release|Any CPU
		{610C38B0-C2FE-4B00-8341-8506811F488D}.Debug|Any CPU.ActiveCfg = Debug|Any CPU
		{610C38B0-C2FE-4B00-8341-8506811F488D}.Debug|Any CPU.Build.0 = Debug|Any CPU
		{610C38B0-C2FE-4B00-8341-8506811F488D}.Release|Any CPU.ActiveCfg = Release|Any CPU
		{610C38B0-C2FE-4B00-8341-8506811F488D}.Release|Any CPU.Build.0 = Release|Any CPU
		{335FAFB2-608F-467B-B58E-D0AF9F48DC9F}.Debug|Any CPU.ActiveCfg = Debug|Any CPU
		{335FAFB2-608F-467B-B58E-D0AF9F48DC9F}.Debug|Any CPU.Build.0 = Debug|Any CPU
		{335FAFB2-608F-467B-B58E-D0AF9F48DC9F}.Release|Any CPU.ActiveCfg = Release|Any CPU
		{335FAFB2-608F-467B-B58E-D0AF9F48DC9F}.Release|Any CPU.Build.0 = Release|Any CPU
		{960801A6-D030-4A03-9258-8B56BE725419}.Debug|Any CPU.ActiveCfg = Debug|Any CPU
		{960801A6-D030-4A03-9258-8B56BE725419}.Debug|Any CPU.Build.0 = Debug|Any CPU
		{960801A6-D030-4A03-9258-8B56BE725419}.Release|Any CPU.ActiveCfg = Release|Any CPU
		{960801A6-D030-4A03-9258-8B56BE725419}.Release|Any CPU.Build.0 = Release|Any CPU
		{43BA533B-05BC-4120-9FFB-32C35070E652}.Debug|Any CPU.ActiveCfg = Debug|Any CPU
		{43BA533B-05BC-4120-9FFB-32C35070E652}.Debug|Any CPU.Build.0 = Debug|Any CPU
		{43BA533B-05BC-4120-9FFB-32C35070E652}.Release|Any CPU.ActiveCfg = Release|Any CPU
		{43BA533B-05BC-4120-9FFB-32C35070E652}.Release|Any CPU.Build.0 = Release|Any CPU
	EndGlobalSection
	GlobalSection(SolutionProperties) = preSolution
		HideSolutionNode = FALSE
	EndGlobalSection
	GlobalSection(NestedProjects) = preSolution
		{6A8E426B-7C81-4D24-9684-D2947272302B} = {63B14FA8-1F1B-432F-A8E1-52020DB2B33F}
		{079E3672-3944-4DF2-BB14-4AF185B38406} = {4F701352-740E-4C48-8B8C-8FDF009C67F5}
		{2CD6860A-44CF-4386-A67A-A1221AF8BD87} = {63B14FA8-1F1B-432F-A8E1-52020DB2B33F}
		{610C38B0-C2FE-4B00-8341-8506811F488D} = {63B14FA8-1F1B-432F-A8E1-52020DB2B33F}
		{335FAFB2-608F-467B-B58E-D0AF9F48DC9F} = {28418668-5DBD-4C92-A822-BF2D8A7B791D}
		{960801A6-D030-4A03-9258-8B56BE725419} = {28418668-5DBD-4C92-A822-BF2D8A7B791D}
		{43BA533B-05BC-4120-9FFB-32C35070E652} = {28418668-5DBD-4C92-A822-BF2D8A7B791D}
	EndGlobalSection
	GlobalSection(ExtensibilityGlobals) = postSolution
		SolutionGuid = {934A3156-0436-48F5-A9D7-5F7AD15EF61D}
	EndGlobalSection
EndGlobal
